Microsoft Visual Studio Solution File, Format Version 9.00
# Visual Studio 2005
Project("{8BC9CEB8-8B4A-11D0-8D11-00A0C91BC942}") = "HtiGateway", "HtiGateway\HtiGateway.vcproj", "{132BFDAE-50D6-41F6-81D0-BAD2298470BC}"
	ProjectSection(ProjectDependencies) = postProject
		{F194912E-201A-4C25-9F86-87076D8985C0} = {F194912E-201A-4C25-9F86-87076D8985C0}
		{B49672B8-5D71-4254-AAA2-397C13433450} = {B49672B8-5D71-4254-AAA2-397C13433450}
	EndProjectSection
EndProject
Project("{8BC9CEB8-8B4A-11D0-8D11-00A0C91BC942}") = "HtiCommon", "HtiCommon\HtiCommon.vcproj", "{B49672B8-5D71-4254-AAA2-397C13433450}"
	ProjectSection(ProjectDependencies) = postProject
		{F194912E-201A-4C25-9F86-87076D8985C0} = {F194912E-201A-4C25-9F86-87076D8985C0}
	EndProjectSection
EndProject
Project("{8BC9CEB8-8B4A-11D0-8D11-00A0C91BC942}") = "stdsoap2", "stdsoap\stdsoap.vcproj", "{F194912E-201A-4C25-9F86-87076D8985C0}"
EndProject
Project("{8BC9CEB8-8B4A-11D0-8D11-00A0C91BC942}") = "HtiApplication", "ServicePlugins\HtiApplication\HtiApplication.vcproj", "{B474C5F8-3653-4D69-A0A2-B85B9F31DCAA}"
	ProjectSection(ProjectDependencies) = postProject
		{F194912E-201A-4C25-9F86-87076D8985C0} = {F194912E-201A-4C25-9F86-87076D8985C0}
		{B49672B8-5D71-4254-AAA2-397C13433450} = {B49672B8-5D71-4254-AAA2-397C13433450}
	EndProjectSection
EndProject
Project("{8BC9CEB8-8B4A-11D0-8D11-00A0C91BC942}") = "HtiAudio", "ServicePlugins\HtiAudio\HtiAudio.vcproj", "{0F3127D8-45F8-4E0D-8A81-7B3545C245D6}"
	ProjectSection(ProjectDependencies) = postProject
		{F194912E-201A-4C25-9F86-87076D8985C0} = {F194912E-201A-4C25-9F86-87076D8985C0}
		{B49672B8-5D71-4254-AAA2-397C13433450} = {B49672B8-5D71-4254-AAA2-397C13433450}
	EndProjectSection
EndProject
Project("{8BC9CEB8-8B4A-11D0-8D11-00A0C91BC942}") = "HtiEcho", "ServicePlugins\HtiEcho\HtiEcho.vcproj", "{A7B882D2-75CF-4720-9C80-86021A6C9714}"
	ProjectSection(ProjectDependencies) = postProject
		{F194912E-201A-4C25-9F86-87076D8985C0} = {F194912E-201A-4C25-9F86-87076D8985C0}
		{B49672B8-5D71-4254-AAA2-397C13433450} = {B49672B8-5D71-4254-AAA2-397C13433450}
	EndProjectSection
EndProject
Project("{8BC9CEB8-8B4A-11D0-8D11-00A0C91BC942}") = "HtiFtp", "ServicePlugins\HtiFtp\HtiFtp.vcproj", "{5BBEEEA4-34D8-4F56-AFEA-8EC04151245F}"
	ProjectSection(ProjectDependencies) = postProject
		{F194912E-201A-4C25-9F86-87076D8985C0} = {F194912E-201A-4C25-9F86-87076D8985C0}
		{B49672B8-5D71-4254-AAA2-397C13433450} = {B49672B8-5D71-4254-AAA2-397C13433450}
	EndProjectSection
EndProject
Project("{8BC9CEB8-8B4A-11D0-8D11-00A0C91BC942}") = "HtiKeyEvent", "ServicePlugins\HtiKeyEvent\HtiKeyEvent.vcproj", "{17A20053-2D4E-448A-9B2F-FE8E5A81FF24}"
	ProjectSection(ProjectDependencies) = postProject
		{F194912E-201A-4C25-9F86-87076D8985C0} = {F194912E-201A-4C25-9F86-87076D8985C0}
		{B49672B8-5D71-4254-AAA2-397C13433450} = {B49672B8-5D71-4254-AAA2-397C13433450}
	EndProjectSection
EndProject
Project("{8BC9CEB8-8B4A-11D0-8D11-00A0C91BC942}") = "HtiScreenshot", "ServicePlugins\HtiScreenshot\HtiScreenshot.vcproj", "{13091F20-7FB9-4A32-8D35-596317F29465}"
	ProjectSection(ProjectDependencies) = postProject
		{F194912E-201A-4C25-9F86-87076D8985C0} = {F194912E-201A-4C25-9F86-87076D8985C0}
		{B49672B8-5D71-4254-AAA2-397C13433450} = {B49672B8-5D71-4254-AAA2-397C13433450}
	EndProjectSection
EndProject
Project("{8BC9CEB8-8B4A-11D0-8D11-00A0C91BC942}") = "HtiStif", "ServicePlugins\HtiStif\HtiStif.vcproj", "{3343A534-2AB9-4543-8396-7BC94B96E8F4}"
	ProjectSection(ProjectDependencies) = postProject
		{F194912E-201A-4C25-9F86-87076D8985C0} = {F194912E-201A-4C25-9F86-87076D8985C0}
		{F8039331-BC43-4091-8C3C-BE19B4FF1674} = {F8039331-BC43-4091-8C3C-BE19B4FF1674}
		{B49672B8-5D71-4254-AAA2-397C13433450} = {B49672B8-5D71-4254-AAA2-397C13433450}
	EndProjectSection
EndProject
Project("{8BC9CEB8-8B4A-11D0-8D11-00A0C91BC942}") = "HtiStifSender", "ServicePlugins\HtiStif\HtiStifSender.vcproj", "{F8039331-BC43-4091-8C3C-BE19B4FF1674}"
	ProjectSection(ProjectDependencies) = postProject
		{F194912E-201A-4C25-9F86-87076D8985C0} = {F194912E-201A-4C25-9F86-87076D8985C0}
		{B49672B8-5D71-4254-AAA2-397C13433450} = {B49672B8-5D71-4254-AAA2-397C13433450}
	EndProjectSection
EndProject
Project("{8BC9CEB8-8B4A-11D0-8D11-00A0C91BC942}") = "HtiSysInfo", "ServicePlugins\HtiSysInfo\HtiSysInfo.vcproj", "{0BD9D472-8DA9-4025-9FF7-A7DE5FD2B652}"
	ProjectSection(ProjectDependencies) = postProject
		{F194912E-201A-4C25-9F86-87076D8985C0} = {F194912E-201A-4C25-9F86-87076D8985C0}
		{B49672B8-5D71-4254-AAA2-397C13433450} = {B49672B8-5D71-4254-AAA2-397C13433450}
	EndProjectSection
EndProject
Project("{8BC9CEB8-8B4A-11D0-8D11-00A0C91BC942}") = "HtiSystem", "ServicePlugins\HtiSystem\HtiSystem.vcproj", "{B776DCEA-BDAC-4FCF-BB72-D05DCDA09316}"
	ProjectSection(ProjectDependencies) = postProject
		{F194912E-201A-4C25-9F86-87076D8985C0} = {F194912E-201A-4C25-9F86-87076D8985C0}
		{B49672B8-5D71-4254-AAA2-397C13433450} = {B49672B8-5D71-4254-AAA2-397C13433450}
	EndProjectSection
EndProject
Project("{8BC9CEB8-8B4A-11D0-8D11-00A0C91BC942}") = "HtiMessages", "ServicePlugins\HtiMessages\HtiMessages.vcproj", "{EF5190F8-0DF0-4514-9212-A22665EBA64D}"
	ProjectSection(ProjectDependencies) = postProject
		{F194912E-201A-4C25-9F86-87076D8985C0} = {F194912E-201A-4C25-9F86-87076D8985C0}
		{B49672B8-5D71-4254-AAA2-397C13433450} = {B49672B8-5D71-4254-AAA2-397C13433450}
	EndProjectSection
EndProject
Project("{8BC9CEB8-8B4A-11D0-8D11-00A0C91BC942}") = "HtiPIM", "ServicePlugins\HtiPIM\HtiPIM.vcproj", "{3BEB953A-E3DA-440A-8E1C-C5AE8D376E85}"
	ProjectSection(ProjectDependencies) = postProject
		{F194912E-201A-4C25-9F86-87076D8985C0} = {F194912E-201A-4C25-9F86-87076D8985C0}
		{B49672B8-5D71-4254-AAA2-397C13433450} = {B49672B8-5D71-4254-AAA2-397C13433450}
	EndProjectSection
EndProject
Global
	GlobalSection(SolutionConfigurationPlatforms) = preSolution
		Debug|Win32 = Debug|Win32
		Release|Win32 = Release|Win32
	EndGlobalSection
	GlobalSection(ProjectConfigurationPlatforms) = postSolution
		{132BFDAE-50D6-41F6-81D0-BAD2298470BC}.Debug|Win32.ActiveCfg = Debug|Win32
		{132BFDAE-50D6-41F6-81D0-BAD2298470BC}.Debug|Win32.Build.0 = Debug|Win32
		{132BFDAE-50D6-41F6-81D0-BAD2298470BC}.Release|Win32.ActiveCfg = Release|Win32
		{132BFDAE-50D6-41F6-81D0-BAD2298470BC}.Release|Win32.Build.0 = Release|Win32
		{B49672B8-5D71-4254-AAA2-397C13433450}.Debug|Win32.ActiveCfg = Debug|Win32
		{B49672B8-5D71-4254-AAA2-397C13433450}.Debug|Win32.Build.0 = Debug|Win32
		{B49672B8-5D71-4254-AAA2-397C13433450}.Release|Win32.ActiveCfg = Release|Win32
		{B49672B8-5D71-4254-AAA2-397C13433450}.Release|Win32.Build.0 = Release|Win32
		{F194912E-201A-4C25-9F86-87076D8985C0}.Debug|Win32.ActiveCfg = Debug|Win32
		{F194912E-201A-4C25-9F86-87076D8985C0}.Debug|Win32.Build.0 = Debug|Win32
		{F194912E-201A-4C25-9F86-87076D8985C0}.Release|Win32.ActiveCfg = Release|Win32
		{F194912E-201A-4C25-9F86-87076D8985C0}.Release|Win32.Build.0 = Release|Win32
		{B474C5F8-3653-4D69-A0A2-B85B9F31DCAA}.Debug|Win32.ActiveCfg = Debug|Win32
		{B474C5F8-3653-4D69-A0A2-B85B9F31DCAA}.Debug|Win32.Build.0 = Debug|Win32
		{B474C5F8-3653-4D69-A0A2-B85B9F31DCAA}.Release|Win32.ActiveCfg = Release|Win32
		{B474C5F8-3653-4D69-A0A2-B85B9F31DCAA}.Release|Win32.Build.0 = Release|Win32
		{0F3127D8-45F8-4E0D-8A81-7B3545C245D6}.Debug|Win32.ActiveCfg = Debug|Win32
		{0F3127D8-45F8-4E0D-8A81-7B3545C245D6}.Debug|Win32.Build.0 = Debug|Win32
		{0F3127D8-45F8-4E0D-8A81-7B3545C245D6}.Release|Win32.ActiveCfg = Release|Win32
		{0F3127D8-45F8-4E0D-8A81-7B3545C245D6}.Release|Win32.Build.0 = Release|Win32
		{A7B882D2-75CF-4720-9C80-86021A6C9714}.Debug|Win32.ActiveCfg = Debug|Win32
		{A7B882D2-75CF-4720-9C80-86021A6C9714}.Debug|Win32.Build.0 = Debug|Win32
		{A7B882D2-75CF-4720-9C80-86021A6C9714}.Release|Win32.ActiveCfg = Release|Win32
		{A7B882D2-75CF-4720-9C80-86021A6C9714}.Release|Win32.Build.0 = Release|Win32
		{5BBEEEA4-34D8-4F56-AFEA-8EC04151245F}.Debug|Win32.ActiveCfg = Debug|Win32
		{5BBEEEA4-34D8-4F56-AFEA-8EC04151245F}.Debug|Win32.Build.0 = Debug|Win32
		{5BBEEEA4-34D8-4F56-AFEA-8EC04151245F}.Release|Win32.ActiveCfg = Release|Win32
		{5BBEEEA4-34D8-4F56-AFEA-8EC04151245F}.Release|Win32.Build.0 = Release|Win32
		{17A20053-2D4E-448A-9B2F-FE8E5A81FF24}.Debug|Win32.ActiveCfg = Debug|Win32
		{17A20053-2D4E-448A-9B2F-FE8E5A81FF24}.Debug|Win32.Build.0 = Debug|Win32
		{17A20053-2D4E-448A-9B2F-FE8E5A81FF24}.Release|Win32.ActiveCfg = Release|Win32
		{17A20053-2D4E-448A-9B2F-FE8E5A81FF24}.Release|Win32.Build.0 = Release|Win32
		{13091F20-7FB9-4A32-8D35-596317F29465}.Debug|Win32.ActiveCfg = Debug|Win32
		{13091F20-7FB9-4A32-8D35-596317F29465}.Debug|Win32.Build.0 = Debug|Win32
		{13091F20-7FB9-4A32-8D35-596317F29465}.Release|Win32.ActiveCfg = Release|Win32
		{13091F20-7FB9-4A32-8D35-596317F29465}.Release|Win32.Build.0 = Release|Win32
		{3343A534-2AB9-4543-8396-7BC94B96E8F4}.Debug|Win32.ActiveCfg = Debug|Win32
		{3343A534-2AB9-4543-8396-7BC94B96E8F4}.Debug|Win32.Build.0 = Debug|Win32
		{3343A534-2AB9-4543-8396-7BC94B96E8F4}.Release|Win32.ActiveCfg = Release|Win32
		{3343A534-2AB9-4543-8396-7BC94B96E8F4}.Release|Win32.Build.0 = Release|Win32
		{F8039331-BC43-4091-8C3C-BE19B4FF1674}.Debug|Win32.ActiveCfg = Debug|Win32
		{F8039331-BC43-4091-8C3C-BE19B4FF1674}.Debug|Win32.Build.0 = Debug|Win32
		{F8039331-BC43-4091-8C3C-BE19B4FF1674}.Release|Win32.ActiveCfg = Release|Win32
		{F8039331-BC43-4091-8C3C-BE19B4FF1674}.Release|Win32.Build.0 = Release|Win32
		{0BD9D472-8DA9-4025-9FF7-A7DE5FD2B652}.Debug|Win32.ActiveCfg = Debug|Win32
		{0BD9D472-8DA9-4025-9FF7-A7DE5FD2B652}.Debug|Win32.Build.0 = Debug|Win32
		{0BD9D472-8DA9-4025-9FF7-A7DE5FD2B652}.Release|Win32.ActiveCfg = Release|Win32
		{0BD9D472-8DA9-4025-9FF7-A7DE5FD2B652}.Release|Win32.Build.0 = Release|Win32
		{B776DCEA-BDAC-4FCF-BB72-D05DCDA09316}.Debug|Win32.ActiveCfg = Debug|Win32
		{B776DCEA-BDAC-4FCF-BB72-D05DCDA09316}.Debug|Win32.Build.0 = Debug|Win32
		{B776DCEA-BDAC-4FCF-BB72-D05DCDA09316}.Release|Win32.ActiveCfg = Release|Win32
		{B776DCEA-BDAC-4FCF-BB72-D05DCDA09316}.Release|Win32.Build.0 = Release|Win32
		{EF5190F8-0DF0-4514-9212-A22665EBA64D}.Debug|Win32.ActiveCfg = Debug|Win32
		{EF5190F8-0DF0-4514-9212-A22665EBA64D}.Debug|Win32.Build.0 = Debug|Win32
		{EF5190F8-0DF0-4514-9212-A22665EBA64D}.Release|Win32.ActiveCfg = Release|Win32
		{EF5190F8-0DF0-4514-9212-A22665EBA64D}.Release|Win32.Build.0 = Release|Win32
		{3BEB953A-E3DA-440A-8E1C-C5AE8D376E85}.Debug|Win32.ActiveCfg = Debug|Win32
		{3BEB953A-E3DA-440A-8E1C-C5AE8D376E85}.Debug|Win32.Build.0 = Debug|Win32
		{3BEB953A-E3DA-440A-8E1C-C5AE8D376E85}.Release|Win32.ActiveCfg = Release|Win32
		{3BEB953A-E3DA-440A-8E1C-C5AE8D376E85}.Release|Win32.Build.0 = Release|Win32
	EndGlobalSection
	GlobalSection(SolutionProperties) = preSolution
		HideSolutionNode = FALSE
	EndGlobalSection
EndGlobal
